
Microsoft Visual Studio Solution File, Format Version 12.00
# Visual Studio Version 16
VisualStudioVersion = 16.0.32126.315
MinimumVisualStudioVersion = 10.0.40219.1
Project("{FAE04EC0-301F-11D3-BF4B-00C04F79EFBC}") = "Demo", "Demo\Demo.csproj", "{9D5246A8-66AF-4C5C-BA5B-F7B70BADF5D6}"
EndProject
Global
	GlobalSection(SolutionConfigurationPlatforms) = preSolution
		Debug|Any CPU = Debug|Any CPU
		Release|Any CPU = Release|Any CPU
	EndGlobalSection
	GlobalSection(ProjectConfigurationPlatforms) = postSolution
		{9D5246A8-66AF-4C5C-BA5B-F7B70BADF5D6}.Debug|Any CPU.ActiveCfg = Debug|Any CPU
		{9D5246A8-66AF-4C5C-BA5B-F7B70BADF5D6}.Debug|Any CPU.Build.0 = Debug|Any CPU
		{9D5246A8-66AF-4C5C-BA5B-F7B70BADF5D6}.Release|Any CPU.ActiveCfg = Release|Any CPU
		{9D5246A8-66AF-4C5C-BA5B-F7B70BADF5D6}.Release|Any CPU.Build.0 = Release|Any CPU
	EndGlobalSection
	GlobalSection(SolutionProperties) = preSolution
		HideSolutionNode = FALSE
	EndGlobalSection
	GlobalSection(ExtensibilityGlobals) = postSolution
		SolutionGuid = {A07EF62E-110C-4001-A66A-028ED0FF985E}
	EndGlobalSection
EndGlobal
